
Microsoft Visual Studio Solution File, Format Version 12.00
# Visual Studio Version 16
VisualStudioVersion = 16.0.30907.101
MinimumVisualStudioVersion = 10.0.40219.1
Project("{9A19103F-16F7-4668-BE54-9A1E7A4F7556}") = "KillerSodukoLambdaV2", "KillerSodukoLambdaV2\KillerSodukoLambdaV2.csproj", "{20135CBB-104F-4318-A4CF-55F23F496D1A}"
EndProject
Global
	GlobalSection(SolutionConfigurationPlatforms) = preSolution
		Debug|Any CPU = Debug|Any CPU
		Release|Any CPU = Release|Any CPU
	EndGlobalSection
	GlobalSection(ProjectConfigurationPlatforms) = postSolution
		{20135CBB-104F-4318-A4CF-55F23F496D1A}.Debug|Any CPU.ActiveCfg = Debug|Any CPU
		{20135CBB-104F-4318-A4CF-55F23F496D1A}.Debug|Any CPU.Build.0 = Debug|Any CPU
		{20135CBB-104F-4318-A4CF-55F23F496D1A}.Release|Any CPU.ActiveCfg = Release|Any CPU
		{20135CBB-104F-4318-A4CF-55F23F496D1A}.Release|Any CPU.Build.0 = Release|Any CPU
	EndGlobalSection
	GlobalSection(SolutionProperties) = preSolution
		HideSolutionNode = FALSE
	EndGlobalSection
	GlobalSection(ExtensibilityGlobals) = postSolution
		SolutionGuid = {14B9EB0D-3768-4C06-8F46-37B8A94F4A72}
	EndGlobalSection
EndGlobal
